
Microsoft Visual Studio Solution File, Format Version 12.00
# Visual Studio 2012
Project("{FAE04EC0-301F-11D3-BF4B-00C04F79EFBC}") = "The_Pub", "The_Pub\The_Pub.csproj", "{FD86248B-1C8C-4584-A07D-8923591B1E50}"
EndProject
Global
	GlobalSection(SolutionConfigurationPlatforms) = preSolution
		Debug|Any CPU = Debug|Any CPU
		Release|Any CPU = Release|Any CPU
	EndGlobalSection
	GlobalSection(ProjectConfigurationPlatforms) = postSolution
		{FD86248B-1C8C-4584-A07D-8923591B1E50}.Debug|Any CPU.ActiveCfg = Debug|Any CPU
		{FD86248B-1C8C-4584-A07D-8923591B1E50}.Debug|Any CPU.Build.0 = Debug|Any CPU
		{FD86248B-1C8C-4584-A07D-8923591B1E50}.Release|Any CPU.ActiveCfg = Release|Any CPU
		{FD86248B-1C8C-4584-A07D-8923591B1E50}.Release|Any CPU.Build.0 = Release|Any CPU
	EndGlobalSection
	GlobalSection(SolutionProperties) = preSolution
		HideSolutionNode = FALSE
	EndGlobalSection
EndGlobal
